// !$*UTF8*$!
{
	archiveVersion = 1;
	classes = {
	};
	objectVersion = 51;
	objects = {

/* Begin PBXBuildFile section */
		12B221463C4EE53427A6F336 /* Pods_Kader.framework in Frameworks */ = {isa = PBXBuildFile; fileRef = 826D5770BB4B14533750AD7F /* Pods_Kader.framework */; };
		C00829E2249B732000381FD7 /* Validator.swift in Sources */ = {isa = PBXBuildFile; fileRef = C00829E1249B732000381FD7 /* Validator.swift */; };
		C01824F124902CBD0046CBAB /* AppDelegate.swift in Sources */ = {isa = PBXBuildFile; fileRef = C01824F024902CBD0046CBAB /* AppDelegate.swift */; };
		C01824F324902CBD0046CBAB /* SceneDelegate.swift in Sources */ = {isa = PBXBuildFile; fileRef = C01824F224902CBD0046CBAB /* SceneDelegate.swift */; };
		C01824F824902CBD0046CBAB /* Main.storyboard in Resources */ = {isa = PBXBuildFile; fileRef = C01824F624902CBD0046CBAB /* Main.storyboard */; };
		C01824FA24902CBE0046CBAB /* Assets.xcassets in Resources */ = {isa = PBXBuildFile; fileRef = C01824F924902CBE0046CBAB /* Assets.xcassets */; };
		C01824FD24902CBE0046CBAB /* LaunchScreen.storyboard in Resources */ = {isa = PBXBuildFile; fileRef = C01824FB24902CBE0046CBAB /* LaunchScreen.storyboard */; };
		C018252124902E620046CBAB /* TodoListTableViewController.swift in Sources */ = {isa = PBXBuildFile; fileRef = C018252024902E620046CBAB /* TodoListTableViewController.swift */; };
		C01983E124A2677A00B8C6F0 /* FirebaseFirestoreProfileService.swift in Sources */ = {isa = PBXBuildFile; fileRef = C01983E024A2677A00B8C6F0 /* FirebaseFirestoreProfileService.swift */; };
		C01983E324A267C900B8C6F0 /* ProfileCallback.swift in Sources */ = {isa = PBXBuildFile; fileRef = C01983E224A267C900B8C6F0 /* ProfileCallback.swift */; };
		C019A1F724937F5000BFBF7B /* Constants.swift in Sources */ = {isa = PBXBuildFile; fileRef = C019A1F624937F5000BFBF7B /* Constants.swift */; };
		C019A1F924938E1C00BFBF7B /* SearchGroupTableViewController.swift in Sources */ = {isa = PBXBuildFile; fileRef = C019A1F824938E1C00BFBF7B /* SearchGroupTableViewController.swift */; };
		C0506E39249A3F93007B0414 /* CustomTaskCell.swift in Sources */ = {isa = PBXBuildFile; fileRef = C0506E38249A3F93007B0414 /* CustomTaskCell.swift */; };
		C0506E3B249A945C007B0414 /* ChatViewController.swift in Sources */ = {isa = PBXBuildFile; fileRef = C0506E3A249A945C007B0414 /* ChatViewController.swift */; };
		C0506E3D249A9475007B0414 /* Message.swift in Sources */ = {isa = PBXBuildFile; fileRef = C0506E3C249A9475007B0414 /* Message.swift */; };
		C0506E42249A9536007B0414 /* MessageCell.swift in Sources */ = {isa = PBXBuildFile; fileRef = C0506E40249A9536007B0414 /* MessageCell.swift */; };
		C0506E43249A9536007B0414 /* MessageCell.xib in Resources */ = {isa = PBXBuildFile; fileRef = C0506E41249A9536007B0414 /* MessageCell.xib */; };
		C0506E45249AB9D9007B0414 /* FirebaseChatService.swift in Sources */ = {isa = PBXBuildFile; fileRef = C0506E44249AB9D9007B0414 /* FirebaseChatService.swift */; };
		C0A36C1624931F5F006AEBFE /* Group.swift in Sources */ = {isa = PBXBuildFile; fileRef = C0A36C1524931F5F006AEBFE /* Group.swift */; };
		C0A36C1824931FDE006AEBFE /* User.swift in Sources */ = {isa = PBXBuildFile; fileRef = C0A36C1724931FDE006AEBFE /* User.swift */; };
		C0A538152497AB7C00173E6F /* CustomGroupCell.swift in Sources */ = {isa = PBXBuildFile; fileRef = C0A538142497AB7C00173E6F /* CustomGroupCell.swift */; };
		C0A538172497BB4900173E6F /* CustomGroupSearchCell.swift in Sources */ = {isa = PBXBuildFile; fileRef = C0A538162497BB4900173E6F /* CustomGroupSearchCell.swift */; };
		C0A5D03024A041AF00973833 /* UserCallback.swift in Sources */ = {isa = PBXBuildFile; fileRef = C0A5D02F24A041AF00973833 /* UserCallback.swift */; };
		C0A5D03324A041FD00973833 /* ItemCallback.swift in Sources */ = {isa = PBXBuildFile; fileRef = C0A5D03224A041FD00973833 /* ItemCallback.swift */; };
		C0A5D03524A0421800973833 /* GroupCallback.swift in Sources */ = {isa = PBXBuildFile; fileRef = C0A5D03424A0421800973833 /* GroupCallback.swift */; };
		C0A5D03724A0422D00973833 /* ChatCallback.swift in Sources */ = {isa = PBXBuildFile; fileRef = C0A5D03624A0422D00973833 /* ChatCallback.swift */; };
		C0A992AD2492BCBC002CBF2A /* GoogleService-Info.plist in Resources */ = {isa = PBXBuildFile; fileRef = C0A992AC2492BCBB002CBF2A /* GoogleService-Info.plist */; };
		C0EA801F24AB26B0008D7CB1 /* ImageUtility.swift in Sources */ = {isa = PBXBuildFile; fileRef = C0EA801E24AB26B0008D7CB1 /* ImageUtility.swift */; };
		C0EE37B92490CAE5009D36A5 /* TodoItem.swift in Sources */ = {isa = PBXBuildFile; fileRef = C0EE37B82490CAE5009D36A5 /* TodoItem.swift */; };
		C0EE37BE24911E12009D36A5 /* HomeViewController.swift in Sources */ = {isa = PBXBuildFile; fileRef = C0EE37BD24911E12009D36A5 /* HomeViewController.swift */; };
		C0F324F324947C3D00B86691 /* FirebaseFirestoreGroupService.swift in Sources */ = {isa = PBXBuildFile; fileRef = C0F324F224947C3D00B86691 /* FirebaseFirestoreGroupService.swift */; };
		C0F324F524949FF800B86691 /* FirebaseFirestoreItemService.swift in Sources */ = {isa = PBXBuildFile; fileRef = C0F324F424949FF800B86691 /* FirebaseFirestoreItemService.swift */; };
		C0F324F82494E71700B86691 /* FirebaseFirestoreUserService.swift in Sources */ = {isa = PBXBuildFile; fileRef = C0F324F72494E71700B86691 /* FirebaseFirestoreUserService.swift */; };
		C0F324FA24955E5000B86691 /* Alert.swift in Sources */ = {isa = PBXBuildFile; fileRef = C0F324F924955E5000B86691 /* Alert.swift */; };
		C0F4710C24924B8D00B3C37D /* LoginViewController.swift in Sources */ = {isa = PBXBuildFile; fileRef = C0F4710B24924B8D00B3C37D /* LoginViewController.swift */; };
		C0F4710E24924BA400B3C37D /* RegisterViewController.swift in Sources */ = {isa = PBXBuildFile; fileRef = C0F4710D24924BA400B3C37D /* RegisterViewController.swift */; };
		C0F79CB624995FBB0017665C /* ProfileViewController.swift in Sources */ = {isa = PBXBuildFile; fileRef = C0F79CB524995FBB0017665C /* ProfileViewController.swift */; };
/* End PBXBuildFile section */

/* Begin PBXContainerItemProxy section */
		C018250424902CBE0046CBAB /* PBXContainerItemProxy */ = {
			isa = PBXContainerItemProxy;
			containerPortal = C01824E524902CBD0046CBAB /* Project object */;
			proxyType = 1;
			remoteGlobalIDString = C01824EC24902CBD0046CBAB;
			remoteInfo = Kader;
		};
		C018250F24902CBF0046CBAB /* PBXContainerItemProxy */ = {
			isa = PBXContainerItemProxy;
			containerPortal = C01824E524902CBD0046CBAB /* Project object */;
			proxyType = 1;
			remoteGlobalIDString = C01824EC24902CBD0046CBAB;
			remoteInfo = Kader;
		};
/* End PBXContainerItemProxy section */

/* Begin PBXFileReference section */
		14B944F0FA528ED7CF4041E6 /* Pods-Kader.release.xcconfig */ = {isa = PBXFileReference; includeInIndex = 1; lastKnownFileType = text.xcconfig; name = "Pods-Kader.release.xcconfig"; path = "Target Support Files/Pods-Kader/Pods-Kader.release.xcconfig"; sourceTree = "<group>"; };
		1C5310FDBE6DCA7FD4A20083 /* Pods-Kader.debug.xcconfig */ = {isa = PBXFileReference; includeInIndex = 1; lastKnownFileType = text.xcconfig; name = "Pods-Kader.debug.xcconfig"; path = "Target Support Files/Pods-Kader/Pods-Kader.debug.xcconfig"; sourceTree = "<group>"; };
		826D5770BB4B14533750AD7F /* Pods_Kader.framework */ = {isa = PBXFileReference; explicitFileType = wrapper.framework; includeInIndex = 0; path = Pods_Kader.framework; sourceTree = BUILT_PRODUCTS_DIR; };
		C00829E1249B732000381FD7 /* Validator.swift */ = {isa = PBXFileReference; lastKnownFileType = sourcecode.swift; path = Validator.swift; sourceTree = "<group>"; };
		C01824ED24902CBD0046CBAB /* Kader.app */ = {isa = PBXFileReference; explicitFileType = wrapper.application; includeInIndex = 0; path = Kader.app; sourceTree = BUILT_PRODUCTS_DIR; };
		C01824F024902CBD0046CBAB /* AppDelegate.swift */ = {isa = PBXFileReference; lastKnownFileType = sourcecode.swift; path = AppDelegate.swift; sourceTree = "<group>"; };
		C01824F224902CBD0046CBAB /* SceneDelegate.swift */ = {isa = PBXFileReference; lastKnownFileType = sourcecode.swift; path = SceneDelegate.swift; sourceTree = "<group>"; };
		C01824F724902CBD0046CBAB /* Base */ = {isa = PBXFileReference; lastKnownFileType = file.storyboard; name = Base; path = Base.lproj/Main.storyboard; sourceTree = "<group>"; };
		C01824F924902CBE0046CBAB /* Assets.xcassets */ = {isa = PBXFileReference; lastKnownFileType = folder.assetcatalog; path = Assets.xcassets; sourceTree = "<group>"; };
		C01824FC24902CBE0046CBAB /* Base */ = {isa = PBXFileReference; lastKnownFileType = file.storyboard; name = Base; path = Base.lproj/LaunchScreen.storyboard; sourceTree = "<group>"; };
		C01824FE24902CBE0046CBAB /* Info.plist */ = {isa = PBXFileReference; lastKnownFileType = text.plist.xml; path = Info.plist; sourceTree = "<group>"; };
		C018250324902CBE0046CBAB /* KaderTests.xctest */ = {isa = PBXFileReference; explicitFileType = wrapper.cfbundle; includeInIndex = 0; path = KaderTests.xctest; sourceTree = BUILT_PRODUCTS_DIR; };
		C018250E24902CBF0046CBAB /* KaderUITests.xctest */ = {isa = PBXFileReference; explicitFileType = wrapper.cfbundle; includeInIndex = 0; path = KaderUITests.xctest; sourceTree = BUILT_PRODUCTS_DIR; };
		C018252024902E620046CBAB /* TodoListTableViewController.swift */ = {isa = PBXFileReference; lastKnownFileType = sourcecode.swift; path = TodoListTableViewController.swift; sourceTree = "<group>"; };
		C01983E024A2677A00B8C6F0 /* FirebaseFirestoreProfileService.swift */ = {isa = PBXFileReference; lastKnownFileType = sourcecode.swift; path = FirebaseFirestoreProfileService.swift; sourceTree = "<group>"; };
		C01983E224A267C900B8C6F0 /* ProfileCallback.swift */ = {isa = PBXFileReference; lastKnownFileType = sourcecode.swift; path = ProfileCallback.swift; sourceTree = "<group>"; };
		C019A1F624937F5000BFBF7B /* Constants.swift */ = {isa = PBXFileReference; lastKnownFileType = sourcecode.swift; path = Constants.swift; sourceTree = "<group>"; };
		C019A1F824938E1C00BFBF7B /* SearchGroupTableViewController.swift */ = {isa = PBXFileReference; lastKnownFileType = sourcecode.swift; path = SearchGroupTableViewController.swift; sourceTree = "<group>"; };
		C0506E38249A3F93007B0414 /* CustomTaskCell.swift */ = {isa = PBXFileReference; lastKnownFileType = sourcecode.swift; path = CustomTaskCell.swift; sourceTree = "<group>"; };
		C0506E3A249A945C007B0414 /* ChatViewController.swift */ = {isa = PBXFileReference; lastKnownFileType = sourcecode.swift; path = ChatViewController.swift; sourceTree = "<group>"; };
		C0506E3C249A9475007B0414 /* Message.swift */ = {isa = PBXFileReference; lastKnownFileType = sourcecode.swift; path = Message.swift; sourceTree = "<group>"; };
		C0506E40249A9536007B0414 /* MessageCell.swift */ = {isa = PBXFileReference; lastKnownFileType = sourcecode.swift; path = MessageCell.swift; sourceTree = "<group>"; };
		C0506E41249A9536007B0414 /* MessageCell.xib */ = {isa = PBXFileReference; lastKnownFileType = file.xib; path = MessageCell.xib; sourceTree = "<group>"; };
		C0506E44249AB9D9007B0414 /* FirebaseChatService.swift */ = {isa = PBXFileReference; lastKnownFileType = sourcecode.swift; path = FirebaseChatService.swift; sourceTree = "<group>"; };
		C0A36C1524931F5F006AEBFE /* Group.swift */ = {isa = PBXFileReference; lastKnownFileType = sourcecode.swift; path = Group.swift; sourceTree = "<group>"; };
		C0A36C1724931FDE006AEBFE /* User.swift */ = {isa = PBXFileReference; lastKnownFileType = sourcecode.swift; path = User.swift; sourceTree = "<group>"; };
		C0A538142497AB7C00173E6F /* CustomGroupCell.swift */ = {isa = PBXFileReference; lastKnownFileType = sourcecode.swift; path = CustomGroupCell.swift; sourceTree = "<group>"; };
		C0A538162497BB4900173E6F /* CustomGroupSearchCell.swift */ = {isa = PBXFileReference; lastKnownFileType = sourcecode.swift; path = CustomGroupSearchCell.swift; sourceTree = "<group>"; };
		C0A5D02F24A041AF00973833 /* UserCallback.swift */ = {isa = PBXFileReference; lastKnownFileType = sourcecode.swift; path = UserCallback.swift; sourceTree = "<group>"; };
		C0A5D03224A041FD00973833 /* ItemCallback.swift */ = {isa = PBXFileReference; lastKnownFileType = sourcecode.swift; path = ItemCallback.swift; sourceTree = "<group>"; };
		C0A5D03424A0421800973833 /* GroupCallback.swift */ = {isa = PBXFileReference; lastKnownFileType = sourcecode.swift; path = GroupCallback.swift; sourceTree = "<group>"; };
		C0A5D03624A0422D00973833 /* ChatCallback.swift */ = {isa = PBXFileReference; lastKnownFileType = sourcecode.swift; path = ChatCallback.swift; sourceTree = "<group>"; };
		C0A992AC2492BCBB002CBF2A /* GoogleService-Info.plist */ = {isa = PBXFileReference; fileEncoding = 4; lastKnownFileType = text.plist.xml; path = "GoogleService-Info.plist"; sourceTree = "<group>"; };
		C0EA801E24AB26B0008D7CB1 /* ImageUtility.swift */ = {isa = PBXFileReference; lastKnownFileType = sourcecode.swift; path = ImageUtility.swift; sourceTree = "<group>"; };
		C0EE37B82490CAE5009D36A5 /* TodoItem.swift */ = {isa = PBXFileReference; lastKnownFileType = sourcecode.swift; path = TodoItem.swift; sourceTree = "<group>"; };
		C0EE37BD24911E12009D36A5 /* HomeViewController.swift */ = {isa = PBXFileReference; lastKnownFileType = sourcecode.swift; path = HomeViewController.swift; sourceTree = "<group>"; };
		C0F324F224947C3D00B86691 /* FirebaseFirestoreGroupService.swift */ = {isa = PBXFileReference; lastKnownFileType = sourcecode.swift; path = FirebaseFirestoreGroupService.swift; sourceTree = "<group>"; };
		C0F324F424949FF800B86691 /* FirebaseFirestoreItemService.swift */ = {isa = PBXFileReference; lastKnownFileType = sourcecode.swift; path = FirebaseFirestoreItemService.swift; sourceTree = "<group>"; };
		C0F324F72494E71700B86691 /* FirebaseFirestoreUserService.swift */ = {isa = PBXFileReference; lastKnownFileType = sourcecode.swift; path = FirebaseFirestoreUserService.swift; sourceTree = "<group>"; };
		C0F324F924955E5000B86691 /* Alert.swift */ = {isa = PBXFileReference; lastKnownFileType = sourcecode.swift; path = Alert.swift; sourceTree = "<group>"; };
		C0F4710B24924B8D00B3C37D /* LoginViewController.swift */ = {isa = PBXFileReference; lastKnownFileType = sourcecode.swift; path = LoginViewController.swift; sourceTree = "<group>"; };
		C0F4710D24924BA400B3C37D /* RegisterViewController.swift */ = {isa = PBXFileReference; lastKnownFileType = sourcecode.swift; path = RegisterViewController.swift; sourceTree = "<group>"; };
		C0F79CB524995FBB0017665C /* ProfileViewController.swift */ = {isa = PBXFileReference; lastKnownFileType = sourcecode.swift; path = ProfileViewController.swift; sourceTree = "<group>"; };
/* End PBXFileReference section */

/* Begin PBXFrameworksBuildPhase section */
		C01824EA24902CBD0046CBAB /* Frameworks */ = {
			isa = PBXFrameworksBuildPhase;
			buildActionMask = 2147483647;
			files = (
				12B221463C4EE53427A6F336 /* Pods_Kader.framework in Frameworks */,
			);
			runOnlyForDeploymentPostprocessing = 0;
		};
		C018250024902CBE0046CBAB /* Frameworks */ = {
			isa = PBXFrameworksBuildPhase;
			buildActionMask = 2147483647;
			files = (
			);
			runOnlyForDeploymentPostprocessing = 0;
		};
		C018250B24902CBF0046CBAB /* Frameworks */ = {
			isa = PBXFrameworksBuildPhase;
			buildActionMask = 2147483647;
			files = (
			);
			runOnlyForDeploymentPostprocessing = 0;
		};
/* End PBXFrameworksBuildPhase section */

/* Begin PBXGroup section */
		2061632B938FBD8C4A1475A0 /* Frameworks */ = {
			isa = PBXGroup;
			children = (
				826D5770BB4B14533750AD7F /* Pods_Kader.framework */,
			);
			name = Frameworks;
			sourceTree = "<group>";
		};
		45770240835EAED1CC011A01 /* Pods */ = {
			isa = PBXGroup;
			children = (
				1C5310FDBE6DCA7FD4A20083 /* Pods-Kader.debug.xcconfig */,
				14B944F0FA528ED7CF4041E6 /* Pods-Kader.release.xcconfig */,
			);
			path = Pods;
			sourceTree = "<group>";
		};
		C00829E3249B91B200381FD7 /* Services */ = {
			isa = PBXGroup;
			children = (
				C0F324F72494E71700B86691 /* FirebaseFirestoreUserService.swift */,
				C0F324F224947C3D00B86691 /* FirebaseFirestoreGroupService.swift */,
				C0F324F424949FF800B86691 /* FirebaseFirestoreItemService.swift */,
				C0506E44249AB9D9007B0414 /* FirebaseChatService.swift */,
				C01983E024A2677A00B8C6F0 /* FirebaseFirestoreProfileService.swift */,
			);
			path = Services;
			sourceTree = "<group>";
		};
		C01824E424902CBD0046CBAB = {
			isa = PBXGroup;
			children = (
				C01824EF24902CBD0046CBAB /* Kader */,
				C01824EE24902CBD0046CBAB /* Products */,
				45770240835EAED1CC011A01 /* Pods */,
				2061632B938FBD8C4A1475A0 /* Frameworks */,
			);
			sourceTree = "<group>";
		};
		C01824EE24902CBD0046CBAB /* Products */ = {
			isa = PBXGroup;
			children = (
				C01824ED24902CBD0046CBAB /* Kader.app */,
				C018250324902CBE0046CBAB /* KaderTests.xctest */,
				C018250E24902CBF0046CBAB /* KaderUITests.xctest */,
			);
			name = Products;
			sourceTree = "<group>";
		};
		C01824EF24902CBD0046CBAB /* Kader */ = {
			isa = PBXGroup;
			children = (
				C01824F024902CBD0046CBAB /* AppDelegate.swift */,
				C01824F224902CBD0046CBAB /* SceneDelegate.swift */,
				C00829E3249B91B200381FD7 /* Services */,
				C0A5D03124A041B800973833 /* Callbacks */,
				C0F324F62494A33C00B86691 /* Utility */,
				C0EE37BB2490CB47009D36A5 /* Controllers */,
				C0EE37BA2490CAE9009D36A5 /* Model */,
				C0EE37BC2490CB5B009D36A5 /* Views */,
				C01824F924902CBE0046CBAB /* Assets.xcassets */,
				C01824FB24902CBE0046CBAB /* LaunchScreen.storyboard */,
				C01824FE24902CBE0046CBAB /* Info.plist */,
				C0A992AC2492BCBB002CBF2A /* GoogleService-Info.plist */,
			);
			path = Kader;
			sourceTree = "<group>";
		};
		C0A5D03124A041B800973833 /* Callbacks */ = {
			isa = PBXGroup;
			children = (
				C0A5D02F24A041AF00973833 /* UserCallback.swift */,
				C0A5D03224A041FD00973833 /* ItemCallback.swift */,
				C0A5D03424A0421800973833 /* GroupCallback.swift */,
				C0A5D03624A0422D00973833 /* ChatCallback.swift */,
				C01983E224A267C900B8C6F0 /* ProfileCallback.swift */,
			);
			path = Callbacks;
			sourceTree = "<group>";
		};
		C0EE37BA2490CAE9009D36A5 /* Model */ = {
			isa = PBXGroup;
			children = (
				C0EE37B82490CAE5009D36A5 /* TodoItem.swift */,
				C0A36C1524931F5F006AEBFE /* Group.swift */,
				C0A36C1724931FDE006AEBFE /* User.swift */,
				C0506E3C249A9475007B0414 /* Message.swift */,
			);
			path = Model;
			sourceTree = "<group>";
		};
		C0EE37BB2490CB47009D36A5 /* Controllers */ = {
			isa = PBXGroup;
			children = (
				C0F4710B24924B8D00B3C37D /* LoginViewController.swift */,
				C0F4710D24924BA400B3C37D /* RegisterViewController.swift */,
				C0EE37BD24911E12009D36A5 /* HomeViewController.swift */,
				C0F79CB524995FBB0017665C /* ProfileViewController.swift */,
				C018252024902E620046CBAB /* TodoListTableViewController.swift */,
				C019A1F824938E1C00BFBF7B /* SearchGroupTableViewController.swift */,
				C0506E3A249A945C007B0414 /* ChatViewController.swift */,
			);
			path = Controllers;
			sourceTree = "<group>";
		};
		C0EE37BC2490CB5B009D36A5 /* Views */ = {
			isa = PBXGroup;
			children = (
				C01824F624902CBD0046CBAB /* Main.storyboard */,
				C0506E41249A9536007B0414 /* MessageCell.xib */,
				C0A538142497AB7C00173E6F /* CustomGroupCell.swift */,
				C0A538162497BB4900173E6F /* CustomGroupSearchCell.swift */,
				C0506E38249A3F93007B0414 /* CustomTaskCell.swift */,
				C0506E40249A9536007B0414 /* MessageCell.swift */,
			);
			path = Views;
			sourceTree = "<group>";
		};
		C0F324F62494A33C00B86691 /* Utility */ = {
			isa = PBXGroup;
			children = (
				C019A1F624937F5000BFBF7B /* Constants.swift */,
				C0F324F924955E5000B86691 /* Alert.swift */,
				C00829E1249B732000381FD7 /* Validator.swift */,
				C0EA801E24AB26B0008D7CB1 /* ImageUtility.swift */,
			);
			path = Utility;
			sourceTree = "<group>";
		};
/* End PBXGroup section */

/* Begin PBXNativeTarget section */
		C01824EC24902CBD0046CBAB /* Kader */ = {
			isa = PBXNativeTarget;
			buildConfigurationList = C018251724902CBF0046CBAB /* Build configuration list for PBXNativeTarget "Kader" */;
			buildPhases = (
				70F35F8497D894DE8E65B6E1 /* [CP] Check Pods Manifest.lock */,
				C01824E924902CBD0046CBAB /* Sources */,
				C01824EA24902CBD0046CBAB /* Frameworks */,
				C01824EB24902CBD0046CBAB /* Resources */,
				3D356C638B8277084E1B709B /* [CP] Embed Pods Frameworks */,
			);
			buildRules = (
			);
			dependencies = (
			);
			name = Kader;
			productName = Kader;
			productReference = C01824ED24902CBD0046CBAB /* Kader.app */;
			productType = "com.apple.product-type.application";
		};
		C018250224902CBE0046CBAB /* KaderTests */ = {
			isa = PBXNativeTarget;
			buildConfigurationList = C018251A24902CBF0046CBAB /* Build configuration list for PBXNativeTarget "KaderTests" */;
			buildPhases = (
				C01824FF24902CBE0046CBAB /* Sources */,
				C018250024902CBE0046CBAB /* Frameworks */,
				C018250124902CBE0046CBAB /* Resources */,
			);
			buildRules = (
			);
			dependencies = (
				C018250524902CBE0046CBAB /* PBXTargetDependency */,
			);
			name = KaderTests;
			productName = KaderTests;
			productReference = C018250324902CBE0046CBAB /* KaderTests.xctest */;
			productType = "com.apple.product-type.bundle.unit-test";
		};
		C018250D24902CBF0046CBAB /* KaderUITests */ = {
			isa = PBXNativeTarget;
			buildConfigurationList = C018251D24902CBF0046CBAB /* Build configuration list for PBXNativeTarget "KaderUITests" */;
			buildPhases = (
				C018250A24902CBF0046CBAB /* Sources */,
				C018250B24902CBF0046CBAB /* Frameworks */,
				C018250C24902CBF0046CBAB /* Resources */,
			);
			buildRules = (
			);
			dependencies = (
				C018251024902CBF0046CBAB /* PBXTargetDependency */,
			);
			name = KaderUITests;
			productName = KaderUITests;
			productReference = C018250E24902CBF0046CBAB /* KaderUITests.xctest */;
			productType = "com.apple.product-type.bundle.ui-testing";
		};
/* End PBXNativeTarget section */

/* Begin PBXProject section */
		C01824E524902CBD0046CBAB /* Project object */ = {
			isa = PBXProject;
			attributes = {
				LastSwiftUpdateCheck = 1140;
				LastUpgradeCheck = 1140;
				ORGANIZATIONNAME = user165579;
				TargetAttributes = {
					C01824EC24902CBD0046CBAB = {
						CreatedOnToolsVersion = 11.4.1;
					};
					C018250224902CBE0046CBAB = {
						CreatedOnToolsVersion = 11.4.1;
						TestTargetID = C01824EC24902CBD0046CBAB;
					};
					C018250D24902CBF0046CBAB = {
						CreatedOnToolsVersion = 11.4.1;
						TestTargetID = C01824EC24902CBD0046CBAB;
					};
				};
			};
			buildConfigurationList = C01824E824902CBD0046CBAB /* Build configuration list for PBXProject "Kader" */;
			compatibilityVersion = "Xcode 9.3";
			developmentRegion = en;
			hasScannedForEncodings = 0;
			knownRegions = (
				en,
				Base,
			);
			mainGroup = C01824E424902CBD0046CBAB;
			productRefGroup = C01824EE24902CBD0046CBAB /* Products */;
			projectDirPath = "";
			projectRoot = "";
			targets = (
				C01824EC24902CBD0046CBAB /* Kader */,
				C018250224902CBE0046CBAB /* KaderTests */,
				C018250D24902CBF0046CBAB /* KaderUITests */,
			);
		};
/* End PBXProject section */

/* Begin PBXResourcesBuildPhase section */
		C01824EB24902CBD0046CBAB /* Resources */ = {
			isa = PBXResourcesBuildPhase;
			buildActionMask = 2147483647;
			files = (
				C0506E43249A9536007B0414 /* MessageCell.xib in Resources */,
				C01824FD24902CBE0046CBAB /* LaunchScreen.storyboard in Resources */,
				C0A992AD2492BCBC002CBF2A /* GoogleService-Info.plist in Resources */,
				C01824FA24902CBE0046CBAB /* Assets.xcassets in Resources */,
				C01824F824902CBD0046CBAB /* Main.storyboard in Resources */,
			);
			runOnlyForDeploymentPostprocessing = 0;
		};
		C018250124902CBE0046CBAB /* Resources */ = {
			isa = PBXResourcesBuildPhase;
			buildActionMask = 2147483647;
			files = (
			);
			runOnlyForDeploymentPostprocessing = 0;
		};
		C018250C24902CBF0046CBAB /* Resources */ = {
			isa = PBXResourcesBuildPhase;
			buildActionMask = 2147483647;
			files = (
			);
			runOnlyForDeploymentPostprocessing = 0;
		};
/* End PBXResourcesBuildPhase section */

/* Begin PBXShellScriptBuildPhase section */
		3D356C638B8277084E1B709B /* [CP] Embed Pods Frameworks */ = {
			isa = PBXShellScriptBuildPhase;
			buildActionMask = 2147483647;
			files = (
			);
			inputFileListPaths = (
				"${PODS_ROOT}/Target Support Files/Pods-Kader/Pods-Kader-frameworks-${CONFIGURATION}-input-files.xcfilelist",
			);
			name = "[CP] Embed Pods Frameworks";
			outputFileListPaths = (
				"${PODS_ROOT}/Target Support Files/Pods-Kader/Pods-Kader-frameworks-${CONFIGURATION}-output-files.xcfilelist",
			);
			runOnlyForDeploymentPostprocessing = 0;
			shellPath = /bin/sh;
			shellScript = "\"${PODS_ROOT}/Target Support Files/Pods-Kader/Pods-Kader-frameworks.sh\"\n";
			showEnvVarsInLog = 0;
		};
		70F35F8497D894DE8E65B6E1 /* [CP] Check Pods Manifest.lock */ = {
			isa = PBXShellScriptBuildPhase;
			buildActionMask = 2147483647;
			files = (
			);
			inputFileListPaths = (
			);
			inputPaths = (
				"${PODS_PODFILE_DIR_PATH}/Podfile.lock",
				"${PODS_ROOT}/Manifest.lock",
			);
			name = "[CP] Check Pods Manifest.lock";
			outputFileListPaths = (
			);
			outputPaths = (
				"$(DERIVED_FILE_DIR)/Pods-Kader-checkManifestLockResult.txt",
			);
			runOnlyForDeploymentPostprocessing = 0;
			shellPath = /bin/sh;
			shellScript = "diff \"${PODS_PODFILE_DIR_PATH}/Podfile.lock\" \"${PODS_ROOT}/Manifest.lock\" > /dev/null\nif [ $? != 0 ] ; then\n    # print error to STDERR\n    echo \"error: The sandbox is not in sync with the Podfile.lock. Run 'pod install' or update your CocoaPods installation.\" >&2\n    exit 1\nfi\n# This output is used by Xcode 'outputs' to avoid re-running this script phase.\necho \"SUCCESS\" > \"${SCRIPT_OUTPUT_FILE_0}\"\n";
			showEnvVarsInLog = 0;
		};
/* End PBXShellScriptBuildPhase section */

/* Begin PBXSourcesBuildPhase section */
		C01824E924902CBD0046CBAB /* Sources */ = {
			isa = PBXSourcesBuildPhase;
			buildActionMask = 2147483647;
			files = (
				C0506E45249AB9D9007B0414 /* FirebaseChatService.swift in Sources */,
				C0F324F324947C3D00B86691 /* FirebaseFirestoreGroupService.swift in Sources */,
				C01983E324A267C900B8C6F0 /* ProfileCallback.swift in Sources */,
				C0A36C1624931F5F006AEBFE /* Group.swift in Sources */,
				C019A1F724937F5000BFBF7B /* Constants.swift in Sources */,
				C0506E39249A3F93007B0414 /* CustomTaskCell.swift in Sources */,
				C0F324FA24955E5000B86691 /* Alert.swift in Sources */,
				C0F324F82494E71700B86691 /* FirebaseFirestoreUserService.swift in Sources */,
				C0A5D03524A0421800973833 /* GroupCallback.swift in Sources */,
				C0506E3D249A9475007B0414 /* Message.swift in Sources */,
				C0A5D03024A041AF00973833 /* UserCallback.swift in Sources */,
				C0F4710C24924B8D00B3C37D /* LoginViewController.swift in Sources */,
				C01824F124902CBD0046CBAB /* AppDelegate.swift in Sources */,
				C01983E124A2677A00B8C6F0 /* FirebaseFirestoreProfileService.swift in Sources */,
				C01824F324902CBD0046CBAB /* SceneDelegate.swift in Sources */,
				C0A538152497AB7C00173E6F /* CustomGroupCell.swift in Sources */,
				C0A5D03724A0422D00973833 /* ChatCallback.swift in Sources */,
				C0506E42249A9536007B0414 /* MessageCell.swift in Sources */,
				C0EA801F24AB26B0008D7CB1 /* ImageUtility.swift in Sources */,
				C019A1F924938E1C00BFBF7B /* SearchGroupTableViewController.swift in Sources */,
				C0F4710E24924BA400B3C37D /* RegisterViewController.swift in Sources */,
				C0EE37BE24911E12009D36A5 /* HomeViewController.swift in Sources */,
				C00829E2249B732000381FD7 /* Validator.swift in Sources */,
				C0F79CB624995FBB0017665C /* ProfileViewController.swift in Sources */,
				C0A5D03324A041FD00973833 /* ItemCallback.swift in Sources */,
				C0EE37B92490CAE5009D36A5 /* TodoItem.swift in Sources */,
				C0A538172497BB4900173E6F /* CustomGroupSearchCell.swift in Sources */,
				C0F324F524949FF800B86691 /* FirebaseFirestoreItemService.swift in Sources */,
				C0A36C1824931FDE006AEBFE /* User.swift in Sources */,
				C0506E3B249A945C007B0414 /* ChatViewController.swift in Sources */,
				C018252124902E620046CBAB /* TodoListTableViewController.swift in Sources */,
			);
			runOnlyForDeploymentPostprocessing = 0;
		};
		C01824FF24902CBE0046CBAB /* Sources */ = {
			isa = PBXSourcesBuildPhase;
			buildActionMask = 2147483647;
			files = (
			);
			runOnlyForDeploymentPostprocessing = 0;
		};
		C018250A24902CBF0046CBAB /* Sources */ = {
			isa = PBXSourcesBuildPhase;
			buildActionMask = 2147483647;
			files = (
			);
			runOnlyForDeploymentPostprocessing = 0;
		};
/* End PBXSourcesBuildPhase section */

/* Begin PBXTargetDependency section */
		C018250524902CBE0046CBAB /* PBXTargetDependency */ = {
			isa = PBXTargetDependency;
			target = C01824EC24902CBD0046CBAB /* Kader */;
			targetProxy = C018250424902CBE0046CBAB /* PBXContainerItemProxy */;
		};
		C018251024902CBF0046CBAB /* PBXTargetDependency */ = {
			isa = PBXTargetDependency;
			target = C01824EC24902CBD0046CBAB /* Kader */;
			targetProxy = C018250F24902CBF0046CBAB /* PBXContainerItemProxy */;
		};
/* End PBXTargetDependency section */

/* Begin PBXVariantGroup section */
		C01824F624902CBD0046CBAB /* Main.storyboard */ = {
			isa = PBXVariantGroup;
			children = (
				C01824F724902CBD0046CBAB /* Base */,
			);
			name = Main.storyboard;
			sourceTree = "<group>";
		};
		C01824FB24902CBE0046CBAB /* LaunchScreen.storyboard */ = {
			isa = PBXVariantGroup;
			children = (
				C01824FC24902CBE0046CBAB /* Base */,
			);
			name = LaunchScreen.storyboard;
			sourceTree = "<group>";
		};
/* End PBXVariantGroup section */

/* Begin XCBuildConfiguration section */
		C018251524902CBF0046CBAB /* Debug */ = {
			isa = XCBuildConfiguration;
			buildSettings = {
				ALWAYS_SEARCH_USER_PATHS = NO;
				CLANG_ANALYZER_NONNULL = YES;
				CLANG_ANALYZER_NUMBER_OBJECT_CONVERSION = YES_AGGRESSIVE;
				CLANG_CXX_LANGUAGE_STANDARD = "gnu++14";
				CLANG_CXX_LIBRARY = "libc++";
				CLANG_ENABLE_MODULES = YES;
				CLANG_ENABLE_OBJC_ARC = YES;
				CLANG_ENABLE_OBJC_WEAK = YES;
				CLANG_WARN_BLOCK_CAPTURE_AUTORELEASING = YES;
				CLANG_WARN_BOOL_CONVERSION = YES;
				CLANG_WARN_COMMA = YES;
				CLANG_WARN_CONSTANT_CONVERSION = YES;
				CLANG_WARN_DEPRECATED_OBJC_IMPLEMENTATIONS = YES;
				CLANG_WARN_DIRECT_OBJC_ISA_USAGE = YES_ERROR;
				CLANG_WARN_DOCUMENTATION_COMMENTS = YES;
				CLANG_WARN_EMPTY_BODY = YES;
				CLANG_WARN_ENUM_CONVERSION = YES;
				CLANG_WARN_INFINITE_RECURSION = YES;
				CLANG_WARN_INT_CONVERSION = YES;
				CLANG_WARN_NON_LITERAL_NULL_CONVERSION = YES;
				CLANG_WARN_OBJC_IMPLICIT_RETAIN_SELF = YES;
				CLANG_WARN_OBJC_LITERAL_CONVERSION = YES;
				CLANG_WARN_OBJC_ROOT_CLASS = YES_ERROR;
				CLANG_WARN_RANGE_LOOP_ANALYSIS = YES;
				CLANG_WARN_STRICT_PROTOTYPES = YES;
				CLANG_WARN_SUSPICIOUS_MOVE = YES;
				CLANG_WARN_UNGUARDED_AVAILABILITY = YES_AGGRESSIVE;
				CLANG_WARN_UNREACHABLE_CODE = YES;
				CLANG_WARN__DUPLICATE_METHOD_MATCH = YES;
				COPY_PHASE_STRIP = NO;
				DEBUG_INFORMATION_FORMAT = dwarf;
				ENABLE_STRICT_OBJC_MSGSEND = YES;
				ENABLE_TESTABILITY = YES;
				GCC_C_LANGUAGE_STANDARD = gnu11;
				GCC_DYNAMIC_NO_PIC = NO;
				GCC_NO_COMMON_BLOCKS = YES;
				GCC_OPTIMIZATION_LEVEL = 0;
				GCC_PREPROCESSOR_DEFINITIONS = (
					"DEBUG=1",
					"$(inherited)",
				);
				GCC_WARN_64_TO_32_BIT_CONVERSION = YES;
				GCC_WARN_ABOUT_RETURN_TYPE = YES_ERROR;
				GCC_WARN_UNDECLARED_SELECTOR = YES;
				GCC_WARN_UNINITIALIZED_AUTOS = YES_AGGRESSIVE;
				GCC_WARN_UNUSED_FUNCTION = YES;
				GCC_WARN_UNUSED_VARIABLE = YES;
				IPHONEOS_DEPLOYMENT_TARGET = 13.4;
				MTL_ENABLE_DEBUG_INFO = INCLUDE_SOURCE;
				MTL_FAST_MATH = YES;
				ONLY_ACTIVE_ARCH = YES;
				SDKROOT = iphoneos;
				SWIFT_ACTIVE_COMPILATION_CONDITIONS = DEBUG;
				SWIFT_OPTIMIZATION_LEVEL = "-Onone";
			};
			name = Debug;
		};
		C018251624902CBF0046CBAB /* Release */ = {
			isa = XCBuildConfiguration;
			buildSettings = {
				ALWAYS_SEARCH_USER_PATHS = NO;
				CLANG_ANALYZER_NONNULL = YES;
				CLANG_ANALYZER_NUMBER_OBJECT_CONVERSION = YES_AGGRESSIVE;
				CLANG_CXX_LANGUAGE_STANDARD = "gnu++14";
				CLANG_CXX_LIBRARY = "libc++";
				CLANG_ENABLE_MODULES = YES;
				CLANG_ENABLE_OBJC_ARC = YES;
				CLANG_ENABLE_OBJC_WEAK = YES;
				CLANG_WARN_BLOCK_CAPTURE_AUTORELEASING = YES;
				CLANG_WARN_BOOL_CONVERSION = YES;
				CLANG_WARN_COMMA = YES;
				CLANG_WARN_CONSTANT_CONVERSION = YES;
				CLANG_WARN_DEPRECATED_OBJC_IMPLEMENTATIONS = YES;
				CLANG_WARN_DIRECT_OBJC_ISA_USAGE = YES_ERROR;
				CLANG_WARN_DOCUMENTATION_COMMENTS = YES;
				CLANG_WARN_EMPTY_BODY = YES;
				CLANG_WARN_ENUM_CONVERSION = YES;
				CLANG_WARN_INFINITE_RECURSION = YES;
				CLANG_WARN_INT_CONVERSION = YES;
				CLANG_WARN_NON_LITERAL_NULL_CONVERSION = YES;
				CLANG_WARN_OBJC_IMPLICIT_RETAIN_SELF = YES;
				CLANG_WARN_OBJC_LITERAL_CONVERSION = YES;
				CLANG_WARN_OBJC_ROOT_CLASS = YES_ERROR;
				CLANG_WARN_RANGE_LOOP_ANALYSIS = YES;
				CLANG_WARN_STRICT_PROTOTYPES = YES;
				CLANG_WARN_SUSPICIOUS_MOVE = YES;
				CLANG_WARN_UNGUARDED_AVAILABILITY = YES_AGGRESSIVE;
				CLANG_WARN_UNREACHABLE_CODE = YES;
				CLANG_WARN__DUPLICATE_METHOD_MATCH = YES;
				COPY_PHASE_STRIP = NO;
				DEBUG_INFORMATION_FORMAT = "dwarf-with-dsym";
				ENABLE_NS_ASSERTIONS = NO;
				ENABLE_STRICT_OBJC_MSGSEND = YES;
				GCC_C_LANGUAGE_STANDARD = gnu11;
				GCC_NO_COMMON_BLOCKS = YES;
				GCC_WARN_64_TO_32_BIT_CONVERSION = YES;
				GCC_WARN_ABOUT_RETURN_TYPE = YES_ERROR;
				GCC_WARN_UNDECLARED_SELECTOR = YES;
				GCC_WARN_UNINITIALIZED_AUTOS = YES_AGGRESSIVE;
				GCC_WARN_UNUSED_FUNCTION = YES;
				GCC_WARN_UNUSED_VARIABLE = YES;
				IPHONEOS_DEPLOYMENT_TARGET = 13.4;
				MTL_ENABLE_DEBUG_INFO = NO;
				MTL_FAST_MATH = YES;
				SDKROOT = iphoneos;
				SWIFT_COMPILATION_MODE = wholemodule;
				SWIFT_OPTIMIZATION_LEVEL = "-O";
				VALIDATE_PRODUCT = YES;
			};
			name = Release;
		};
		C018251824902CBF0046CBAB /* Debug */ = {
			isa = XCBuildConfiguration;
			baseConfigurationReference = 1C5310FDBE6DCA7FD4A20083 /* Pods-Kader.debug.xcconfig */;
			buildSettings = {
				ASSETCATALOG_COMPILER_APPICON_NAME = AppIcon;
				CODE_SIGN_STYLE = Automatic;
				INFOPLIST_FILE = Kader/Info.plist;
				LD_RUNPATH_SEARCH_PATHS = (
					"$(inherited)",
					"@executable_path/Frameworks",
				);
				PRODUCT_BUNDLE_IDENTIFIER = com.jonathankarta.Kader;
				PRODUCT_NAME = "$(TARGET_NAME)";
				SWIFT_VERSION = 5.0;
				TARGETED_DEVICE_FAMILY = "1,2";
			};
			name = Debug;
		};
		C018251924902CBF0046CBAB /* Release */ = {
			isa = XCBuildConfiguration;
			baseConfigurationReference = 14B944F0FA528ED7CF4041E6 /* Pods-Kader.release.xcconfig */;
			buildSettings = {
				ASSETCATALOG_COMPILER_APPICON_NAME = AppIcon;
				CODE_SIGN_STYLE = Automatic;
				INFOPLIST_FILE = Kader/Info.plist;
				LD_RUNPATH_SEARCH_PATHS = (
					"$(inherited)",
					"@executable_path/Frameworks",
				);
				PRODUCT_BUNDLE_IDENTIFIER = com.jonathankarta.Kader;
				PRODUCT_NAME = "$(TARGET_NAME)";
				SWIFT_VERSION = 5.0;
				TARGETED_DEVICE_FAMILY = "1,2";
			};
			name = Release;
		};
		C018251B24902CBF0046CBAB /* Debug */ = {
			isa = XCBuildConfiguration;
			buildSettings = {
				ALWAYS_EMBED_SWIFT_STANDARD_LIBRARIES = YES;
				BUNDLE_LOADER = "$(TEST_HOST)";
				CODE_SIGN_STYLE = Automatic;
				INFOPLIST_FILE = KaderTests/Info.plist;
				IPHONEOS_DEPLOYMENT_TARGET = 13.4;
				LD_RUNPATH_SEARCH_PATHS = (
					"$(inherited)",
					"@executable_path/Frameworks",
					"@loader_path/Frameworks",
				);
				PRODUCT_BUNDLE_IDENTIFIER = test.KaderTests;
				PRODUCT_NAME = "$(TARGET_NAME)";
				SWIFT_VERSION = 5.0;
				TARGETED_DEVICE_FAMILY = "1,2";
				TEST_HOST = "$(BUILT_PRODUCTS_DIR)/Kader.app/Kader";
			};
			name = Debug;
		};
		C018251C24902CBF0046CBAB /* Release */ = {
			isa = XCBuildConfiguration;
			buildSettings = {
				ALWAYS_EMBED_SWIFT_STANDARD_LIBRARIES = YES;
				BUNDLE_LOADER = "$(TEST_HOST)";
				CODE_SIGN_STYLE = Automatic;
				INFOPLIST_FILE = KaderTests/Info.plist;
				IPHONEOS_DEPLOYMENT_TARGET = 13.4;
				LD_RUNPATH_SEARCH_PATHS = (
					"$(inherited)",
					"@executable_path/Frameworks",
					"@loader_path/Frameworks",
				);
				PRODUCT_BUNDLE_IDENTIFIER = test.KaderTests;
				PRODUCT_NAME = "$(TARGET_NAME)";
				SWIFT_VERSION = 5.0;
				TARGETED_DEVICE_FAMILY = "1,2";
				TEST_HOST = "$(BUILT_PRODUCTS_DIR)/Kader.app/Kader";
			};
			name = Release;
		};
		C018251E24902CBF0046CBAB /* Debug */ = {
			isa = XCBuildConfiguration;
			buildSettings = {
				ALWAYS_EMBED_SWIFT_STANDARD_LIBRARIES = YES;
				CODE_SIGN_STYLE = Automatic;
				INFOPLIST_FILE = KaderUITests/Info.plist;
				LD_RUNPATH_SEARCH_PATHS = (
					"$(inherited)",
					"@executable_path/Frameworks",
					"@loader_path/Frameworks",
				);
				PRODUCT_BUNDLE_IDENTIFIER = test.KaderUITests;
				PRODUCT_NAME = "$(TARGET_NAME)";
				SWIFT_VERSION = 5.0;
				TARGETED_DEVICE_FAMILY = "1,2";
				TEST_TARGET_NAME = Kader;
			};
			name = Debug;
		};
		C018251F24902CBF0046CBAB /* Release */ = {
			isa = XCBuildConfiguration;
			buildSettings = {
				ALWAYS_EMBED_SWIFT_STANDARD_LIBRARIES = YES;
				CODE_SIGN_STYLE = Automatic;
				INFOPLIST_FILE = KaderUITests/Info.plist;
				LD_RUNPATH_SEARCH_PATHS = (
					"$(inherited)",
					"@executable_path/Frameworks",
					"@loader_path/Frameworks",
				);
				PRODUCT_BUNDLE_IDENTIFIER = test.KaderUITests;
				PRODUCT_NAME = "$(TARGET_NAME)";
				SWIFT_VERSION = 5.0;
				TARGETED_DEVICE_FAMILY = "1,2";
				TEST_TARGET_NAME = Kader;
			};
			name = Release;
		};
/* End XCBuildConfiguration section */

/* Begin XCConfigurationList section */
		C01824E824902CBD0046CBAB /* Build configuration list for PBXProject "Kader" */ = {
			isa = XCConfigurationList;
			buildConfigurations = (
				C018251524902CBF0046CBAB /* Debug */,
				C018251624902CBF0046CBAB /* Release */,
			);
			defaultConfigurationIsVisible = 0;
			defaultConfigurationName = Release;
		};
		C018251724902CBF0046CBAB /* Build configuration list for PBXNativeTarget "Kader" */ = {
			isa = XCConfigurationList;
			buildConfigurations = (
				C018251824902CBF0046CBAB /* Debug */,
				C018251924902CBF0046CBAB /* Release */,
			);
			defaultConfigurationIsVisible = 0;
			defaultConfigurationName = Release;
		};
		C018251A24902CBF0046CBAB /* Build configuration list for PBXNativeTarget "KaderTests" */ = {
			isa = XCConfigurationList;
			buildConfigurations = (
				C018251B24902CBF0046CBAB /* Debug */,
				C018251C24902CBF0046CBAB /* Release */,
			);
			defaultConfigurationIsVisible = 0;
			defaultConfigurationName = Release;
		};
		C018251D24902CBF0046CBAB /* Build configuration list for PBXNativeTarget "KaderUITests" */ = {
			isa = XCConfigurationList;
			buildConfigurations = (
				C018251E24902CBF0046CBAB /* Debug */,
				C018251F24902CBF0046CBAB /* Release */,
			);
			defaultConfigurationIsVisible = 0;
			defaultConfigurationName = Release;
		};
/* End XCConfigurationList section */
	};
	rootObject = C01824E524902CBD0046CBAB /* Project object */;
}
